
Microsoft Visual Studio Solution File, Format Version 12.00
# Visual Studio Version 17
VisualStudioVersion = 17.4.33213.308
MinimumVisualStudioVersion = 10.0.40219.1
Project("{FAE04EC0-301F-11D3-BF4B-00C04F79EFBC}") = "PressedToWin", "PressedToWin\PressedToWin.csproj", "{204B2307-D6E4-4DD6-9829-A860141307E4}"
EndProject
Global
	GlobalSection(SolutionConfigurationPlatforms) = preSolution
		Debug|Any CPU = Debug|Any CPU
		Release|Any CPU = Release|Any CPU
	EndGlobalSection
	GlobalSection(ProjectConfigurationPlatforms) = postSolution
		{204B2307-D6E4-4DD6-9829-A860141307E4}.Debug|Any CPU.ActiveCfg = Debug|Any CPU
		{204B2307-D6E4-4DD6-9829-A860141307E4}.Debug|Any CPU.Build.0 = Debug|Any CPU
		{204B2307-D6E4-4DD6-9829-A860141307E4}.Release|Any CPU.ActiveCfg = Release|Any CPU
		{204B2307-D6E4-4DD6-9829-A860141307E4}.Release|Any CPU.Build.0 = Release|Any CPU
	EndGlobalSection
	GlobalSection(SolutionProperties) = preSolution
		HideSolutionNode = FALSE
	EndGlobalSection
	GlobalSection(ExtensibilityGlobals) = postSolution
		SolutionGuid = {4896E827-A114-4E62-B95F-6BDA34C4B89C}
	EndGlobalSection
EndGlobal
